
Microsoft Visual Studio Solution File, Format Version 12.00
# Visual Studio Version 17
VisualStudioVersion = 17.11.35219.272
MinimumVisualStudioVersion = 10.0.40219.1
Project("{888888A0-9F3D-457C-B088-3A5042F75D52}") = "Python Introduction 20.11.2024 K.Melnikov", "Python Introduction 20.11.2024 K.Melnikov.pyproj", "{B19A99DE-3D81-4FF7-9B28-D55BE16E43E3}"
EndProject
Global
	GlobalSection(SolutionConfigurationPlatforms) = preSolution
		Debug|Any CPU = Debug|Any CPU
		Release|Any CPU = Release|Any CPU
	EndGlobalSection
	GlobalSection(ProjectConfigurationPlatforms) = postSolution
		{B19A99DE-3D81-4FF7-9B28-D55BE16E43E3}.Debug|Any CPU.ActiveCfg = Debug|Any CPU
		{B19A99DE-3D81-4FF7-9B28-D55BE16E43E3}.Release|Any CPU.ActiveCfg = Release|Any CPU
	EndGlobalSection
	GlobalSection(SolutionProperties) = preSolution
		HideSolutionNode = FALSE
	EndGlobalSection
	GlobalSection(ExtensibilityGlobals) = postSolution
		SolutionGuid = {CD1531CB-415C-4EB5-8388-18A69F7F44AF}
	EndGlobalSection
EndGlobal
